// !$*UTF8*$!
{
	archiveVersion = 1;
	classes = {
	};
	objectVersion = 46;
	objects = {

/* Begin PBXAggregateTarget section */
		4AE04BE31E87C34600294DCE /* combine */ = {
			isa = PBXAggregateTarget;
			buildConfigurationList = 4AE04BE41E87C34600294DCE /* Build configuration list for PBXAggregateTarget "combine" */;
			buildPhases = (
				4AE04BE71E87C37B00294DCE /* ShellScript */,
			);
			dependencies = (
			);
			name = combine;
			productName = combine;
		};
/* End PBXAggregateTarget section */

/* Begin PBXBuildFile section */
		4AE04BC11E87ACD600294DCE /* SLTestController.m in Sources */ = {isa = PBXBuildFile; fileRef = 4AE04BC01E87ACD600294DCE /* SLTestController.m */; };
		4AE04BC41E87B26D00294DCE /* UIViewController+test.m in Sources */ = {isa = PBXBuildFile; fileRef = 4AE04BC31E87B26D00294DCE /* UIViewController+test.m */; };
		4AE04BC91E87B5FB00294DCE /* SLTableController.m in Sources */ = {isa = PBXBuildFile; fileRef = 4AE04BC81E87B5FB00294DCE /* SLTableController.m */; };
		4AE04BD31E87C04A00294DCE /* SLControllers.h in Headers */ = {isa = PBXBuildFile; fileRef = 4AE04BD11E87C04A00294DCE /* SLControllers.h */; settings = {ATTRIBUTES = (Public, ); }; };
		4AE04BD61E87C04A00294DCE /* SLControllers.framework in Frameworks */ = {isa = PBXBuildFile; fileRef = 4AE04BCF1E87C04A00294DCE /* SLControllers.framework */; };
		4AE04BD71E87C04A00294DCE /* SLControllers.framework in Embed Frameworks */ = {isa = PBXBuildFile; fileRef = 4AE04BCF1E87C04A00294DCE /* SLControllers.framework */; settings = {ATTRIBUTES = (CodeSignOnCopy, RemoveHeadersOnCopy, ); }; };
		4AE04BDE1E87C21C00294DCE /* SLControllerLifeCircle.h in Headers */ = {isa = PBXBuildFile; fileRef = 4AE04BDD1E87C20200294DCE /* SLControllerLifeCircle.h */; settings = {ATTRIBUTES = (Public, ); }; };
		4AE04BDF1E87C22000294DCE /* SLTableController.h in Headers */ = {isa = PBXBuildFile; fileRef = 4AE04BC71E87B5FB00294DCE /* SLTableController.h */; settings = {ATTRIBUTES = (Public, ); }; };
		4AE04BE01E87C22400294DCE /* SLTableCell.h in Headers */ = {isa = PBXBuildFile; fileRef = 4AF1F5EF1E879BDF00E6A584 /* SLTableCell.h */; settings = {ATTRIBUTES = (Public, ); }; };
		4AE04BE11E87C24600294DCE /* SLTableController.m in Sources */ = {isa = PBXBuildFile; fileRef = 4AE04BC81E87B5FB00294DCE /* SLTableController.m */; };
		4AE04BE21E87C24900294DCE /* SLTableCell.m in Sources */ = {isa = PBXBuildFile; fileRef = 4AF1F5F01E879BDF00E6A584 /* SLTableCell.m */; };
		4AF1F5CC1E8799EA00E6A584 /* AppDelegate.m in Sources */ = {isa = PBXBuildFile; fileRef = 4AF1F5C21E8799EA00E6A584 /* AppDelegate.m */; };
		4AF1F5CD1E8799EA00E6A584 /* Assets.xcassets in Resources */ = {isa = PBXBuildFile; fileRef = 4AF1F5C31E8799EA00E6A584 /* Assets.xcassets */; };
		4AF1F5CE1E8799EA00E6A584 /* LaunchScreen.storyboard in Resources */ = {isa = PBXBuildFile; fileRef = 4AF1F5C41E8799EA00E6A584 /* LaunchScreen.storyboard */; };
		4AF1F5CF1E8799EA00E6A584 /* Info.plist in Resources */ = {isa = PBXBuildFile; fileRef = 4AF1F5C81E8799EA00E6A584 /* Info.plist */; };
		4AF1F5D01E8799EA00E6A584 /* main.m in Sources */ = {isa = PBXBuildFile; fileRef = 4AF1F5C91E8799EA00E6A584 /* main.m */; };
		4AF1F5F11E879BDF00E6A584 /* SLTableCell.m in Sources */ = {isa = PBXBuildFile; fileRef = 4AF1F5F01E879BDF00E6A584 /* SLTableCell.m */; };
/* End PBXBuildFile section */

/* Begin PBXContainerItemProxy section */
		4AE04BD41E87C04A00294DCE /* PBXContainerItemProxy */ = {
			isa = PBXContainerItemProxy;
			containerPortal = 4AC64E061E878A0C00C140D0 /* Project object */;
			proxyType = 1;
			remoteGlobalIDString = 4AE04BCE1E87C04A00294DCE;
			remoteInfo = SLControllers;
		};
/* End PBXContainerItemProxy section */

/* Begin PBXCopyFilesBuildPhase section */
		4AE04BDB1E87C04A00294DCE /* Embed Frameworks */ = {
			isa = PBXCopyFilesBuildPhase;
			buildActionMask = 2147483647;
			dstPath = "";
			dstSubfolderSpec = 10;
			files = (
				4AE04BD71E87C04A00294DCE /* SLControllers.framework in Embed Frameworks */,
			);
			name = "Embed Frameworks";
			runOnlyForDeploymentPostprocessing = 0;
		};
/* End PBXCopyFilesBuildPhase section */

/* Begin PBXFileReference section */
		4AC64E0E1E878A0C00C140D0 /* SLBaseController.app */ = {isa = PBXFileReference; explicitFileType = wrapper.application; includeInIndex = 0; path = SLBaseController.app; sourceTree = BUILT_PRODUCTS_DIR; };
		4AE04BBF1E87ACD600294DCE /* SLTestController.h */ = {isa = PBXFileReference; fileEncoding = 4; lastKnownFileType = sourcecode.c.h; path = SLTestController.h; sourceTree = "<group>"; };
		4AE04BC01E87ACD600294DCE /* SLTestController.m */ = {isa = PBXFileReference; fileEncoding = 4; lastKnownFileType = sourcecode.c.objc; path = SLTestController.m; sourceTree = "<group>"; };
		4AE04BC21E87B26D00294DCE /* UIViewController+test.h */ = {isa = PBXFileReference; fileEncoding = 4; lastKnownFileType = sourcecode.c.h; path = "UIViewController+test.h"; sourceTree = "<group>"; };
		4AE04BC31E87B26D00294DCE /* UIViewController+test.m */ = {isa = PBXFileReference; fileEncoding = 4; lastKnownFileType = sourcecode.c.objc; path = "UIViewController+test.m"; sourceTree = "<group>"; };
		4AE04BC71E87B5FB00294DCE /* SLTableController.h */ = {isa = PBXFileReference; fileEncoding = 4; lastKnownFileType = sourcecode.c.h; path = SLTableController.h; sourceTree = "<group>"; };
		4AE04BC81E87B5FB00294DCE /* SLTableController.m */ = {isa = PBXFileReference; fileEncoding = 4; lastKnownFileType = sourcecode.c.objc; path = SLTableController.m; sourceTree = "<group>"; };
		4AE04BCF1E87C04A00294DCE /* SLControllers.framework */ = {isa = PBXFileReference; explicitFileType = wrapper.framework; includeInIndex = 0; path = SLControllers.framework; sourceTree = BUILT_PRODUCTS_DIR; };
		4AE04BD11E87C04A00294DCE /* SLControllers.h */ = {isa = PBXFileReference; lastKnownFileType = sourcecode.c.h; path = SLControllers.h; sourceTree = "<group>"; };
		4AE04BD21E87C04A00294DCE /* Info.plist */ = {isa = PBXFileReference; lastKnownFileType = text.plist.xml; path = Info.plist; sourceTree = "<group>"; };
		4AE04BDD1E87C20200294DCE /* SLControllerLifeCircle.h */ = {isa = PBXFileReference; fileEncoding = 4; lastKnownFileType = sourcecode.c.h; path = SLControllerLifeCircle.h; sourceTree = "<group>"; };
		4AF1F5C11E8799EA00E6A584 /* AppDelegate.h */ = {isa = PBXFileReference; fileEncoding = 4; lastKnownFileType = sourcecode.c.h; path = AppDelegate.h; sourceTree = "<group>"; };
		4AF1F5C21E8799EA00E6A584 /* AppDelegate.m */ = {isa = PBXFileReference; fileEncoding = 4; lastKnownFileType = sourcecode.c.objc; path = AppDelegate.m; sourceTree = "<group>"; };
		4AF1F5C31E8799EA00E6A584 /* Assets.xcassets */ = {isa = PBXFileReference; lastKnownFileType = folder.assetcatalog; path = Assets.xcassets; sourceTree = "<group>"; };
		4AF1F5C51E8799EA00E6A584 /* Base */ = {isa = PBXFileReference; lastKnownFileType = file.storyboard; name = Base; path = Base.lproj/LaunchScreen.storyboard; sourceTree = "<group>"; };
		4AF1F5C81E8799EA00E6A584 /* Info.plist */ = {isa = PBXFileReference; fileEncoding = 4; lastKnownFileType = text.plist.xml; path = Info.plist; sourceTree = "<group>"; };
		4AF1F5C91E8799EA00E6A584 /* main.m */ = {isa = PBXFileReference; fileEncoding = 4; lastKnownFileType = sourcecode.c.objc; path = main.m; sourceTree = "<group>"; };
		4AF1F5EF1E879BDF00E6A584 /* SLTableCell.h */ = {isa = PBXFileReference; fileEncoding = 4; lastKnownFileType = sourcecode.c.h; path = SLTableCell.h; sourceTree = "<group>"; };
		4AF1F5F01E879BDF00E6A584 /* SLTableCell.m */ = {isa = PBXFileReference; fileEncoding = 4; lastKnownFileType = sourcecode.c.objc; path = SLTableCell.m; sourceTree = "<group>"; };
/* End PBXFileReference section */

/* Begin PBXFrameworksBuildPhase section */
		4AC64E0B1E878A0C00C140D0 /* Frameworks */ = {
			isa = PBXFrameworksBuildPhase;
			buildActionMask = 2147483647;
			files = (
				4AE04BD61E87C04A00294DCE /* SLControllers.framework in Frameworks */,
			);
			runOnlyForDeploymentPostprocessing = 0;
		};
		4AE04BCB1E87C04A00294DCE /* Frameworks */ = {
			isa = PBXFrameworksBuildPhase;
			buildActionMask = 2147483647;
			files = (
			);
			runOnlyForDeploymentPostprocessing = 0;
		};
/* End PBXFrameworksBuildPhase section */

/* Begin PBXGroup section */
		4AC64E051E878A0C00C140D0 = {
			isa = PBXGroup;
			children = (
				4AF1F5BF1E8799EA00E6A584 /* SLBaseController */,
				4AE04BD01E87C04A00294DCE /* SLControllers */,
				4AC64E0F1E878A0C00C140D0 /* Products */,
			);
			sourceTree = "<group>";
		};
		4AC64E0F1E878A0C00C140D0 /* Products */ = {
			isa = PBXGroup;
			children = (
				4AC64E0E1E878A0C00C140D0 /* SLBaseController.app */,
				4AE04BCF1E87C04A00294DCE /* SLControllers.framework */,
			);
			name = Products;
			sourceTree = "<group>";
		};
		4AE04BD01E87C04A00294DCE /* SLControllers */ = {
			isa = PBXGroup;
			children = (
				4AE04BD11E87C04A00294DCE /* SLControllers.h */,
				4AE04BD21E87C04A00294DCE /* Info.plist */,
			);
			path = SLControllers;
			sourceTree = "<group>";
		};
		4AF1F5BF1E8799EA00E6A584 /* SLBaseController */ = {
			isa = PBXGroup;
			children = (
				4AF1F5C61E8799EA00E6A584 /* Controller */,
				4AF1F5C01E8799EA00E6A584 /* AppDelegate */,
				4AF1F5C31E8799EA00E6A584 /* Assets.xcassets */,
				4AF1F5C41E8799EA00E6A584 /* LaunchScreen.storyboard */,
				4AF1F5C81E8799EA00E6A584 /* Info.plist */,
				4AF1F5C91E8799EA00E6A584 /* main.m */,
			);
			path = SLBaseController;
			sourceTree = "<group>";
		};
		4AF1F5C01E8799EA00E6A584 /* AppDelegate */ = {
			isa = PBXGroup;
			children = (
				4AF1F5C11E8799EA00E6A584 /* AppDelegate.h */,
				4AF1F5C21E8799EA00E6A584 /* AppDelegate.m */,
				4AE04BBF1E87ACD600294DCE /* SLTestController.h */,
				4AE04BC01E87ACD600294DCE /* SLTestController.m */,
				4AE04BC21E87B26D00294DCE /* UIViewController+test.h */,
				4AE04BC31E87B26D00294DCE /* UIViewController+test.m */,
			);
			path = AppDelegate;
			sourceTree = "<group>";
		};
		4AF1F5C61E8799EA00E6A584 /* Controller */ = {
			isa = PBXGroup;
			children = (
				4AE04BDD1E87C20200294DCE /* SLControllerLifeCircle.h */,
				4AF1F5EA1E879A7400E6A584 /* TableController */,
			);
			path = Controller;
			sourceTree = "<group>";
		};
		4AF1F5EA1E879A7400E6A584 /* TableController */ = {
			isa = PBXGroup;
			children = (
				4AE04BC71E87B5FB00294DCE /* SLTableController.h */,
				4AE04BC81E87B5FB00294DCE /* SLTableController.m */,
				4AF1F5EF1E879BDF00E6A584 /* SLTableCell.h */,
				4AF1F5F01E879BDF00E6A584 /* SLTableCell.m */,
			);
			path = TableController;
			sourceTree = "<group>";
		};
/* End PBXGroup section */

/* Begin PBXHeadersBuildPhase section */
		4AE04BCC1E87C04A00294DCE /* Headers */ = {
			isa = PBXHeadersBuildPhase;
			buildActionMask = 2147483647;
			files = (
				4AE04BD31E87C04A00294DCE /* SLControllers.h in Headers */,
				4AE04BDE1E87C21C00294DCE /* SLControllerLifeCircle.h in Headers */,
				4AE04BDF1E87C22000294DCE /* SLTableController.h in Headers */,
				4AE04BE01E87C22400294DCE /* SLTableCell.h in Headers */,
			);
			runOnlyForDeploymentPostprocessing = 0;
		};
/* End PBXHeadersBuildPhase section */

/* Begin PBXNativeTarget section */
		4AC64E0D1E878A0C00C140D0 /* SLBaseController */ = {
			isa = PBXNativeTarget;
			buildConfigurationList = 4AC64E251E878A0C00C140D0 /* Build configuration list for PBXNativeTarget "SLBaseController" */;
			buildPhases = (
				4AC64E0A1E878A0C00C140D0 /* Sources */,
				4AC64E0B1E878A0C00C140D0 /* Frameworks */,
				4AC64E0C1E878A0C00C140D0 /* Resources */,
				4AE04BDB1E87C04A00294DCE /* Embed Frameworks */,
			);
			buildRules = (
			);
			dependencies = (
				4AE04BD51E87C04A00294DCE /* PBXTargetDependency */,
			);
			name = SLBaseController;
			productName = SLBaseController;
			productReference = 4AC64E0E1E878A0C00C140D0 /* SLBaseController.app */;
			productType = "com.apple.product-type.application";
		};
		4AE04BCE1E87C04A00294DCE /* SLControllers */ = {
			isa = PBXNativeTarget;
			buildConfigurationList = 4AE04BD81E87C04A00294DCE /* Build configuration list for PBXNativeTarget "SLControllers" */;
			buildPhases = (
				4AE04BCA1E87C04A00294DCE /* Sources */,
				4AE04BCB1E87C04A00294DCE /* Frameworks */,
				4AE04BCC1E87C04A00294DCE /* Headers */,
				4AE04BCD1E87C04A00294DCE /* Resources */,
			);
			buildRules = (
			);
			dependencies = (
			);
			name = SLControllers;
			productName = SLControllers;
			productReference = 4AE04BCF1E87C04A00294DCE /* SLControllers.framework */;
			productType = "com.apple.product-type.framework";
		};
/* End PBXNativeTarget section */

/* Begin PBXProject section */
		4AC64E061E878A0C00C140D0 /* Project object */ = {
			isa = PBXProject;
			attributes = {
				LastUpgradeCheck = 0820;
				ORGANIZATIONNAME = Sylar;
				TargetAttributes = {
					4AC64E0D1E878A0C00C140D0 = {
						CreatedOnToolsVersion = 8.2.1;
						ProvisioningStyle = Manual;
					};
					4AE04BCE1E87C04A00294DCE = {
						CreatedOnToolsVersion = 8.2.1;
						ProvisioningStyle = Manual;
					};
					4AE04BE31E87C34600294DCE = {
						CreatedOnToolsVersion = 8.2.1;
						ProvisioningStyle = Automatic;
					};
				};
			};
			buildConfigurationList = 4AC64E091E878A0C00C140D0 /* Build configuration list for PBXProject "SLBaseController" */;
			compatibilityVersion = "Xcode 3.2";
			developmentRegion = English;
			hasScannedForEncodings = 0;
			knownRegions = (
				en,
				Base,
			);
			mainGroup = 4AC64E051E878A0C00C140D0;
			productRefGroup = 4AC64E0F1E878A0C00C140D0 /* Products */;
			projectDirPath = "";
			projectRoot = "";
			targets = (
				4AC64E0D1E878A0C00C140D0 /* SLBaseController */,
				4AE04BCE1E87C04A00294DCE /* SLControllers */,
				4AE04BE31E87C34600294DCE /* combine */,
			);
		};
/* End PBXProject section */

/* Begin PBXResourcesBuildPhase section */
		4AC64E0C1E878A0C00C140D0 /* Resources */ = {
			isa = PBXResourcesBuildPhase;
			buildActionMask = 2147483647;
			files = (
				4AF1F5CD1E8799EA00E6A584 /* Assets.xcassets in Resources */,
				4AF1F5CE1E8799EA00E6A584 /* LaunchScreen.storyboard in Resources */,
				4AF1F5CF1E8799EA00E6A584 /* Info.plist in Resources */,
			);
			runOnlyForDeploymentPostprocessing = 0;
		};
		4AE04BCD1E87C04A00294DCE /* Resources */ = {
			isa = PBXResourcesBuildPhase;
			buildActionMask = 2147483647;
			files = (
			);
			runOnlyForDeploymentPostprocessing = 0;
		};
/* End PBXResourcesBuildPhase section */

/* Begin PBXShellScriptBuildPhase section */
		4AE04BE71E87C37B00294DCE /* ShellScript */ = {
			isa = PBXShellScriptBuildPhase;
			buildActionMask = 2147483647;
			files = (
			);
			inputPaths = (
			);
			outputPaths = (
			);
			runOnlyForDeploymentPostprocessing = 0;
			shellPath = /bin/sh;
			shellScript = "\nFMK_NAME=\"SLControllers\"\nif [ \"${ACTION}\" = \"build\" ]\nthen\nINSTALL_DIR=${SRCROOT}/Products/${FMK_NAME}.framework\n\nDEVICE_DIR=${BUILD_ROOT}/${CONFIGURATION}-iphoneos/${FMK_NAME}.framework\n\nSIMULATOR_DIR=${BUILD_ROOT}/${CONFIGURATION}-iphonesimulator/${FMK_NAME}.framework\n\n\nif [ -d \"${INSTALL_DIR}\" ]\nthen\nrm -rf \"${INSTALL_DIR}\"\nfi\n\nmkdir -p \"${INSTALL_DIR}\"\n\ncp -R \"${DEVICE_DIR}/\" \"${INSTALL_DIR}/\"\n#ditto \"${DEVICE_DIR}/Headers\" \"${INSTALL_DIR}/Headers\"\n\nlipo -create \"${DEVICE_DIR}/${FMK_NAME}\" \"${SIMULATOR_DIR}/${FMK_NAME}\" -output \"${INSTALL_DIR}/${FMK_NAME}\"\n\n#open \"${DEVICE_DIR}\"\nopen \"${SRCROOT}/Products\"\nfi";
		};
/* End PBXShellScriptBuildPhase section */

/* Begin PBXSourcesBuildPhase section */
		4AC64E0A1E878A0C00C140D0 /* Sources */ = {
			isa = PBXSourcesBuildPhase;
			buildActionMask = 2147483647;
			files = (
				4AE04BC41E87B26D00294DCE /* UIViewController+test.m in Sources */,
				4AF1F5F11E879BDF00E6A584 /* SLTableCell.m in Sources */,
				4AF1F5D01E8799EA00E6A584 /* main.m in Sources */,
				4AE04BC11E87ACD600294DCE /* SLTestController.m in Sources */,
				4AF1F5CC1E8799EA00E6A584 /* AppDelegate.m in Sources */,
				4AE04BC91E87B5FB00294DCE /* SLTableController.m in Sources */,
			);
			runOnlyForDeploymentPostprocessing = 0;
		};
		4AE04BCA1E87C04A00294DCE /* Sources */ = {
			isa = PBXSourcesBuildPhase;
			buildActionMask = 2147483647;
			files = (
				4AE04BE11E87C24600294DCE /* SLTableController.m in Sources */,
				4AE04BE21E87C24900294DCE /* SLTableCell.m in Sources */,
			);
			runOnlyForDeploymentPostprocessing = 0;
		};
/* End PBXSourcesBuildPhase section */

/* Begin PBXTargetDependency section */
		4AE04BD51E87C04A00294DCE /* PBXTargetDependency */ = {
			isa = PBXTargetDependency;
			target = 4AE04BCE1E87C04A00294DCE /* SLControllers */;
			targetProxy = 4AE04BD41E87C04A00294DCE /* PBXContainerItemProxy */;
		};
/* End PBXTargetDependency section */

/* Begin PBXVariantGroup section */
		4AF1F5C41E8799EA00E6A584 /* LaunchScreen.storyboard */ = {
			isa = PBXVariantGroup;
			children = (
				4AF1F5C51E8799EA00E6A584 /* Base */,
			);
			name = LaunchScreen.storyboard;
			sourceTree = "<group>";
		};
/* End PBXVariantGroup section */

/* Begin XCBuildConfiguration section */
		4AC64E231E878A0C00C140D0 /* Debug */ = {
			isa = XCBuildConfiguration;
			buildSettings = {
				ALWAYS_SEARCH_USER_PATHS = NO;
				CLANG_ANALYZER_NONNULL = YES;
				CLANG_CXX_LANGUAGE_STANDARD = "gnu++0x";
				CLANG_CXX_LIBRARY = "libc++";
				CLANG_ENABLE_MODULES = YES;
				CLANG_ENABLE_OBJC_ARC = YES;
				CLANG_WARN_BOOL_CONVERSION = YES;
				CLANG_WARN_CONSTANT_CONVERSION = YES;
				CLANG_WARN_DIRECT_OBJC_ISA_USAGE = YES_ERROR;
				CLANG_WARN_DOCUMENTATION_COMMENTS = YES;
				CLANG_WARN_EMPTY_BODY = YES;
				CLANG_WARN_ENUM_CONVERSION = YES;
				CLANG_WARN_INFINITE_RECURSION = YES;
				CLANG_WARN_INT_CONVERSION = YES;
				CLANG_WARN_OBJC_ROOT_CLASS = YES_ERROR;
				CLANG_WARN_SUSPICIOUS_MOVE = YES;
				CLANG_WARN_UNREACHABLE_CODE = YES;
				CLANG_WARN__DUPLICATE_METHOD_MATCH = YES;
				"CODE_SIGN_IDENTITY[sdk=iphoneos*]" = "iPhone Developer";
				COPY_PHASE_STRIP = NO;
				DEBUG_INFORMATION_FORMAT = dwarf;
				ENABLE_STRICT_OBJC_MSGSEND = YES;
				ENABLE_TESTABILITY = YES;
				GCC_C_LANGUAGE_STANDARD = gnu99;
				GCC_DYNAMIC_NO_PIC = NO;
				GCC_NO_COMMON_BLOCKS = YES;
				GCC_OPTIMIZATION_LEVEL = 0;
				GCC_PREPROCESSOR_DEFINITIONS = (
					"DEBUG=1",
					"$(inherited)",
				);
				GCC_WARN_64_TO_32_BIT_CONVERSION = YES;
				GCC_WARN_ABOUT_RETURN_TYPE = YES_ERROR;
				GCC_WARN_UNDECLARED_SELECTOR = YES;
				GCC_WARN_UNINITIALIZED_AUTOS = YES_AGGRESSIVE;
				GCC_WARN_UNUSED_FUNCTION = YES;
				GCC_WARN_UNUSED_VARIABLE = YES;
				IPHONEOS_DEPLOYMENT_TARGET = 10.2;
				MTL_ENABLE_DEBUG_INFO = YES;
				ONLY_ACTIVE_ARCH = YES;
				SDKROOT = iphoneos;
				TARGETED_DEVICE_FAMILY = "1,2";
			};
			name = Debug;
		};
		4AC64E241E878A0C00C140D0 /* Release */ = {
			isa = XCBuildConfiguration;
			buildSettings = {
				ALWAYS_SEARCH_USER_PATHS = NO;
				CLANG_ANALYZER_NONNULL = YES;
				CLANG_CXX_LANGUAGE_STANDARD = "gnu++0x";
				CLANG_CXX_LIBRARY = "libc++";
				CLANG_ENABLE_MODULES = YES;
				CLANG_ENABLE_OBJC_ARC = YES;
				CLANG_WARN_BOOL_CONVERSION = YES;
				CLANG_WARN_CONSTANT_CONVERSION = YES;
				CLANG_WARN_DIRECT_OBJC_ISA_USAGE = YES_ERROR;
				CLANG_WARN_DOCUMENTATION_COMMENTS = YES;
				CLANG_WARN_EMPTY_BODY = YES;
				CLANG_WARN_ENUM_CONVERSION = YES;
				CLANG_WARN_INFINITE_RECURSION = YES;
				CLANG_WARN_INT_CONVERSION = YES;
				CLANG_WARN_OBJC_ROOT_CLASS = YES_ERROR;
				CLANG_WARN_SUSPICIOUS_MOVE = YES;
				CLANG_WARN_UNREACHABLE_CODE = YES;
				CLANG_WARN__DUPLICATE_METHOD_MATCH = YES;
				"CODE_SIGN_IDENTITY[sdk=iphoneos*]" = "iPhone Developer";
				COPY_PHASE_STRIP = NO;
				DEBUG_INFORMATION_FORMAT = "dwarf-with-dsym";
				ENABLE_NS_ASSERTIONS = NO;
				ENABLE_STRICT_OBJC_MSGSEND = YES;
				GCC_C_LANGUAGE_STANDARD = gnu99;
				GCC_NO_COMMON_BLOCKS = YES;
				GCC_WARN_64_TO_32_BIT_CONVERSION = YES;
				GCC_WARN_ABOUT_RETURN_TYPE = YES_ERROR;
				GCC_WARN_UNDECLARED_SELECTOR = YES;
				GCC_WARN_UNINITIALIZED_AUTOS = YES_AGGRESSIVE;
				GCC_WARN_UNUSED_FUNCTION = YES;
				GCC_WARN_UNUSED_VARIABLE = YES;
				IPHONEOS_DEPLOYMENT_TARGET = 10.2;
				MTL_ENABLE_DEBUG_INFO = NO;
				SDKROOT = iphoneos;
				TARGETED_DEVICE_FAMILY = "1,2";
				VALIDATE_PRODUCT = YES;
			};
			name = Release;
		};
		4AC64E261E878A0C00C140D0 /* Debug */ = {
			isa = XCBuildConfiguration;
			buildSettings = {
				ASSETCATALOG_COMPILER_APPICON_NAME = AppIcon;
				DEVELOPMENT_TEAM = "";
				INFOPLIST_FILE = SLBaseController/Info.plist;
				IPHONEOS_DEPLOYMENT_TARGET = 7.0;
				LD_RUNPATH_SEARCH_PATHS = "$(inherited) @executable_path/Frameworks";
				PRODUCT_BUNDLE_IDENTIFIER = Sylar.SLBaseController;
				PRODUCT_NAME = "$(TARGET_NAME)";
			};
			name = Debug;
		};
		4AC64E271E878A0C00C140D0 /* Release */ = {
			isa = XCBuildConfiguration;
			buildSettings = {
				ASSETCATALOG_COMPILER_APPICON_NAME = AppIcon;
				DEVELOPMENT_TEAM = "";
				INFOPLIST_FILE = SLBaseController/Info.plist;
				IPHONEOS_DEPLOYMENT_TARGET = 7.0;
				LD_RUNPATH_SEARCH_PATHS = "$(inherited) @executable_path/Frameworks";
				PRODUCT_BUNDLE_IDENTIFIER = Sylar.SLBaseController;
				PRODUCT_NAME = "$(TARGET_NAME)";
			};
			name = Release;
		};
		4AE04BD91E87C04A00294DCE /* Debug */ = {
			isa = XCBuildConfiguration;
			buildSettings = {
				CODE_SIGN_IDENTITY = "";
				CURRENT_PROJECT_VERSION = 1;
				DEAD_CODE_STRIPPING = NO;
				DEFINES_MODULE = YES;
				DEVELOPMENT_TEAM = "";
				DYLIB_COMPATIBILITY_VERSION = 1;
				DYLIB_CURRENT_VERSION = 1;
				DYLIB_INSTALL_NAME_BASE = "@rpath";
				INFOPLIST_FILE = SLControllers/Info.plist;
				INSTALL_PATH = "$(LOCAL_LIBRARY_DIR)/Frameworks";
				IPHONEOS_DEPLOYMENT_TARGET = 7.0;
				LD_RUNPATH_SEARCH_PATHS = "$(inherited) @executable_path/Frameworks @loader_path/Frameworks";
				LINK_WITH_STANDARD_LIBRARIES = NO;
				MACH_O_TYPE = staticlib;
				PRODUCT_BUNDLE_IDENTIFIER = Sylar.SLControllers;
				PRODUCT_NAME = "$(TARGET_NAME)";
				SKIP_INSTALL = YES;
				VALID_ARCHS = "arm64 armv7 i386";
				VERSIONING_SYSTEM = "apple-generic";
				VERSION_INFO_PREFIX = "";
			};
			name = Debug;
		};
		4AE04BDA1E87C04A00294DCE /* Release */ = {
			isa = XCBuildConfiguration;
			buildSettings = {
				CODE_SIGN_IDENTITY = "";
				CURRENT_PROJECT_VERSION = 1;
				DEAD_CODE_STRIPPING = NO;
				DEFINES_MODULE = YES;
				DEVELOPMENT_TEAM = "";
				DYLIB_COMPATIBILITY_VERSION = 1;
				DYLIB_CURRENT_VERSION = 1;
				DYLIB_INSTALL_NAME_BASE = "@rpath";
				INFOPLIST_FILE = SLControllers/Info.plist;
				INSTALL_PATH = "$(LOCAL_LIBRARY_DIR)/Frameworks";
				IPHONEOS_DEPLOYMENT_TARGET = 7.0;
				LD_RUNPATH_SEARCH_PATHS = "$(inherited) @executable_path/Frameworks @loader_path/Frameworks";
				LINK_WITH_STANDARD_LIBRARIES = NO;
				MACH_O_TYPE = staticlib;
				PRODUCT_BUNDLE_IDENTIFIER = Sylar.SLControllers;
				PRODUCT_NAME = "$(TARGET_NAME)";
				SKIP_INSTALL = YES;
				VALID_ARCHS = "arm64 armv7 i386";
				VERSIONING_SYSTEM = "apple-generic";
				VERSION_INFO_PREFIX = "";
			};
			name = Release;
		};
		4AE04BE51E87C34600294DCE /* Debug */ = {
			isa = XCBuildConfiguration;
			buildSettings = {
				PRODUCT_NAME = "$(TARGET_NAME)";
			};
			name = Debug;
		};
		4AE04BE61E87C34600294DCE /* Release */ = {
			isa = XCBuildConfiguration;
			buildSettings = {
				PRODUCT_NAME = "$(TARGET_NAME)";
			};
			name = Release;
		};
/* End XCBuildConfiguration section */

/* Begin XCConfigurationList section */
		4AC64E091E878A0C00C140D0 /* Build configuration list for PBXProject "SLBaseController" */ = {
			isa = XCConfigurationList;
			buildConfigurations = (
				4AC64E231E878A0C00C140D0 /* Debug */,
				4AC64E241E878A0C00C140D0 /* Release */,
			);
			defaultConfigurationIsVisible = 0;
			defaultConfigurationName = Release;
		};
		4AC64E251E878A0C00C140D0 /* Build configuration list for PBXNativeTarget "SLBaseController" */ = {
			isa = XCConfigurationList;
			buildConfigurations = (
				4AC64E261E878A0C00C140D0 /* Debug */,
				4AC64E271E878A0C00C140D0 /* Release */,
			);
			defaultConfigurationIsVisible = 0;
			defaultConfigurationName = Release;
		};
		4AE04BD81E87C04A00294DCE /* Build configuration list for PBXNativeTarget "SLControllers" */ = {
			isa = XCConfigurationList;
			buildConfigurations = (
				4AE04BD91E87C04A00294DCE /* Debug */,
				4AE04BDA1E87C04A00294DCE /* Release */,
			);
			defaultConfigurationIsVisible = 0;
		};
		4AE04BE41E87C34600294DCE /* Build configuration list for PBXAggregateTarget "combine" */ = {
			isa = XCConfigurationList;
			buildConfigurations = (
				4AE04BE51E87C34600294DCE /* Debug */,
				4AE04BE61E87C34600294DCE /* Release */,
			);
			defaultConfigurationIsVisible = 0;
		};
/* End XCConfigurationList section */
	};
	rootObject = 4AC64E061E878A0C00C140D0 /* Project object */;
}
