// !$*UTF8*$!
{
	archiveVersion = 1;
	classes = {
	};
	objectVersion = 46;
	objects = {

/* Begin PBXBuildFile section */
		4AF1F5CC1E8799EA00E6A584 /* AppDelegate.m in Sources */ = {isa = PBXBuildFile; fileRef = 4AF1F5C21E8799EA00E6A584 /* AppDelegate.m */; };
		4AF1F5CD1E8799EA00E6A584 /* Assets.xcassets in Resources */ = {isa = PBXBuildFile; fileRef = 4AF1F5C31E8799EA00E6A584 /* Assets.xcassets */; };
		4AF1F5CE1E8799EA00E6A584 /* LaunchScreen.storyboard in Resources */ = {isa = PBXBuildFile; fileRef = 4AF1F5C41E8799EA00E6A584 /* LaunchScreen.storyboard */; };
		4AF1F5CF1E8799EA00E6A584 /* Info.plist in Resources */ = {isa = PBXBuildFile; fileRef = 4AF1F5C81E8799EA00E6A584 /* Info.plist */; };
		4AF1F5D01E8799EA00E6A584 /* main.m in Sources */ = {isa = PBXBuildFile; fileRef = 4AF1F5C91E8799EA00E6A584 /* main.m */; };
		4AF1F5EB1E879A7400E6A584 /* SLController.m in Sources */ = {isa = PBXBuildFile; fileRef = 4AF1F5E91E879A7400E6A584 /* SLController.m */; };
		4AF1F5EE1E879A8500E6A584 /* SLTableController.m in Sources */ = {isa = PBXBuildFile; fileRef = 4AF1F5ED1E879A8500E6A584 /* SLTableController.m */; };
		4AF1F5F11E879BDF00E6A584 /* SLTableCell.m in Sources */ = {isa = PBXBuildFile; fileRef = 4AF1F5F01E879BDF00E6A584 /* SLTableCell.m */; };
/* End PBXBuildFile section */

/* Begin PBXFileReference section */
		4AC64E0E1E878A0C00C140D0 /* SLBaseController.app */ = {isa = PBXFileReference; explicitFileType = wrapper.application; includeInIndex = 0; path = SLBaseController.app; sourceTree = BUILT_PRODUCTS_DIR; };
		4AF1F5C11E8799EA00E6A584 /* AppDelegate.h */ = {isa = PBXFileReference; fileEncoding = 4; lastKnownFileType = sourcecode.c.h; path = AppDelegate.h; sourceTree = "<group>"; };
		4AF1F5C21E8799EA00E6A584 /* AppDelegate.m */ = {isa = PBXFileReference; fileEncoding = 4; lastKnownFileType = sourcecode.c.objc; path = AppDelegate.m; sourceTree = "<group>"; };
		4AF1F5C31E8799EA00E6A584 /* Assets.xcassets */ = {isa = PBXFileReference; lastKnownFileType = folder.assetcatalog; path = Assets.xcassets; sourceTree = "<group>"; };
		4AF1F5C51E8799EA00E6A584 /* Base */ = {isa = PBXFileReference; lastKnownFileType = file.storyboard; name = Base; path = Base.lproj/LaunchScreen.storyboard; sourceTree = "<group>"; };
		4AF1F5C81E8799EA00E6A584 /* Info.plist */ = {isa = PBXFileReference; fileEncoding = 4; lastKnownFileType = text.plist.xml; path = Info.plist; sourceTree = "<group>"; };
		4AF1F5C91E8799EA00E6A584 /* main.m */ = {isa = PBXFileReference; fileEncoding = 4; lastKnownFileType = sourcecode.c.objc; path = main.m; sourceTree = "<group>"; };
		4AF1F5E81E879A7400E6A584 /* SLController.h */ = {isa = PBXFileReference; fileEncoding = 4; lastKnownFileType = sourcecode.c.h; path = SLController.h; sourceTree = "<group>"; };
		4AF1F5E91E879A7400E6A584 /* SLController.m */ = {isa = PBXFileReference; fileEncoding = 4; lastKnownFileType = sourcecode.c.objc; path = SLController.m; sourceTree = "<group>"; };
		4AF1F5EC1E879A8500E6A584 /* SLTableController.h */ = {isa = PBXFileReference; fileEncoding = 4; lastKnownFileType = sourcecode.c.h; path = SLTableController.h; sourceTree = "<group>"; };
		4AF1F5ED1E879A8500E6A584 /* SLTableController.m */ = {isa = PBXFileReference; fileEncoding = 4; lastKnownFileType = sourcecode.c.objc; path = SLTableController.m; sourceTree = "<group>"; };
		4AF1F5EF1E879BDF00E6A584 /* SLTableCell.h */ = {isa = PBXFileReference; fileEncoding = 4; lastKnownFileType = sourcecode.c.h; path = SLTableCell.h; sourceTree = "<group>"; };
		4AF1F5F01E879BDF00E6A584 /* SLTableCell.m */ = {isa = PBXFileReference; fileEncoding = 4; lastKnownFileType = sourcecode.c.objc; path = SLTableCell.m; sourceTree = "<group>"; };
/* End PBXFileReference section */

/* Begin PBXFrameworksBuildPhase section */
		4AC64E0B1E878A0C00C140D0 /* Frameworks */ = {
			isa = PBXFrameworksBuildPhase;
			buildActionMask = 2147483647;
			files = (
			);
			runOnlyForDeploymentPostprocessing = 0;
		};
/* End PBXFrameworksBuildPhase section */

/* Begin PBXGroup section */
		4AC64E051E878A0C00C140D0 = {
			isa = PBXGroup;
			children = (
				4AF1F5BF1E8799EA00E6A584 /* SLBaseController */,
				4AC64E0F1E878A0C00C140D0 /* Products */,
			);
			sourceTree = "<group>";
		};
		4AC64E0F1E878A0C00C140D0 /* Products */ = {
			isa = PBXGroup;
			children = (
				4AC64E0E1E878A0C00C140D0 /* SLBaseController.app */,
			);
			name = Products;
			sourceTree = "<group>";
		};
		4AF1F5BF1E8799EA00E6A584 /* SLBaseController */ = {
			isa = PBXGroup;
			children = (
				4AF1F5C61E8799EA00E6A584 /* Controller */,
				4AF1F5C01E8799EA00E6A584 /* AppDelegate */,
				4AF1F5C31E8799EA00E6A584 /* Assets.xcassets */,
				4AF1F5C41E8799EA00E6A584 /* LaunchScreen.storyboard */,
				4AF1F5C81E8799EA00E6A584 /* Info.plist */,
				4AF1F5C91E8799EA00E6A584 /* main.m */,
			);
			path = SLBaseController;
			sourceTree = "<group>";
		};
		4AF1F5C01E8799EA00E6A584 /* AppDelegate */ = {
			isa = PBXGroup;
			children = (
				4AF1F5C11E8799EA00E6A584 /* AppDelegate.h */,
				4AF1F5C21E8799EA00E6A584 /* AppDelegate.m */,
			);
			path = AppDelegate;
			sourceTree = "<group>";
		};
		4AF1F5C61E8799EA00E6A584 /* Controller */ = {
			isa = PBXGroup;
			children = (
				4AF1F5E81E879A7400E6A584 /* SLController.h */,
				4AF1F5E91E879A7400E6A584 /* SLController.m */,
				4AF1F5EA1E879A7400E6A584 /* TableController */,
			);
			path = Controller;
			sourceTree = "<group>";
		};
		4AF1F5EA1E879A7400E6A584 /* TableController */ = {
			isa = PBXGroup;
			children = (
				4AF1F5EC1E879A8500E6A584 /* SLTableController.h */,
				4AF1F5ED1E879A8500E6A584 /* SLTableController.m */,
				4AF1F5EF1E879BDF00E6A584 /* SLTableCell.h */,
				4AF1F5F01E879BDF00E6A584 /* SLTableCell.m */,
			);
			path = TableController;
			sourceTree = "<group>";
		};
/* End PBXGroup section */

/* Begin PBXNativeTarget section */
		4AC64E0D1E878A0C00C140D0 /* SLBaseController */ = {
			isa = PBXNativeTarget;
			buildConfigurationList = 4AC64E251E878A0C00C140D0 /* Build configuration list for PBXNativeTarget "SLBaseController" */;
			buildPhases = (
				4AC64E0A1E878A0C00C140D0 /* Sources */,
				4AC64E0B1E878A0C00C140D0 /* Frameworks */,
				4AC64E0C1E878A0C00C140D0 /* Resources */,
			);
			buildRules = (
			);
			dependencies = (
			);
			name = SLBaseController;
			productName = SLBaseController;
			productReference = 4AC64E0E1E878A0C00C140D0 /* SLBaseController.app */;
			productType = "com.apple.product-type.application";
		};
/* End PBXNativeTarget section */

/* Begin PBXProject section */
		4AC64E061E878A0C00C140D0 /* Project object */ = {
			isa = PBXProject;
			attributes = {
				LastUpgradeCheck = 0820;
				ORGANIZATIONNAME = Sylar;
				TargetAttributes = {
					4AC64E0D1E878A0C00C140D0 = {
						CreatedOnToolsVersion = 8.2.1;
						ProvisioningStyle = Manual;
					};
				};
			};
			buildConfigurationList = 4AC64E091E878A0C00C140D0 /* Build configuration list for PBXProject "SLBaseController" */;
			compatibilityVersion = "Xcode 3.2";
			developmentRegion = English;
			hasScannedForEncodings = 0;
			knownRegions = (
				en,
				Base,
			);
			mainGroup = 4AC64E051E878A0C00C140D0;
			productRefGroup = 4AC64E0F1E878A0C00C140D0 /* Products */;
			projectDirPath = "";
			projectRoot = "";
			targets = (
				4AC64E0D1E878A0C00C140D0 /* SLBaseController */,
			);
		};
/* End PBXProject section */

/* Begin PBXResourcesBuildPhase section */
		4AC64E0C1E878A0C00C140D0 /* Resources */ = {
			isa = PBXResourcesBuildPhase;
			buildActionMask = 2147483647;
			files = (
				4AF1F5CD1E8799EA00E6A584 /* Assets.xcassets in Resources */,
				4AF1F5CE1E8799EA00E6A584 /* LaunchScreen.storyboard in Resources */,
				4AF1F5CF1E8799EA00E6A584 /* Info.plist in Resources */,
			);
			runOnlyForDeploymentPostprocessing = 0;
		};
/* End PBXResourcesBuildPhase section */

/* Begin PBXSourcesBuildPhase section */
		4AC64E0A1E878A0C00C140D0 /* Sources */ = {
			isa = PBXSourcesBuildPhase;
			buildActionMask = 2147483647;
			files = (
				4AF1F5F11E879BDF00E6A584 /* SLTableCell.m in Sources */,
				4AF1F5EB1E879A7400E6A584 /* SLController.m in Sources */,
				4AF1F5EE1E879A8500E6A584 /* SLTableController.m in Sources */,
				4AF1F5D01E8799EA00E6A584 /* main.m in Sources */,
				4AF1F5CC1E8799EA00E6A584 /* AppDelegate.m in Sources */,
			);
			runOnlyForDeploymentPostprocessing = 0;
		};
/* End PBXSourcesBuildPhase section */

/* Begin PBXVariantGroup section */
		4AF1F5C41E8799EA00E6A584 /* LaunchScreen.storyboard */ = {
			isa = PBXVariantGroup;
			children = (
				4AF1F5C51E8799EA00E6A584 /* Base */,
			);
			name = LaunchScreen.storyboard;
			sourceTree = "<group>";
		};
/* End PBXVariantGroup section */

/* Begin XCBuildConfiguration section */
		4AC64E231E878A0C00C140D0 /* Debug */ = {
			isa = XCBuildConfiguration;
			buildSettings = {
				ALWAYS_SEARCH_USER_PATHS = NO;
				CLANG_ANALYZER_NONNULL = YES;
				CLANG_CXX_LANGUAGE_STANDARD = "gnu++0x";
				CLANG_CXX_LIBRARY = "libc++";
				CLANG_ENABLE_MODULES = YES;
				CLANG_ENABLE_OBJC_ARC = YES;
				CLANG_WARN_BOOL_CONVERSION = YES;
				CLANG_WARN_CONSTANT_CONVERSION = YES;
				CLANG_WARN_DIRECT_OBJC_ISA_USAGE = YES_ERROR;
				CLANG_WARN_DOCUMENTATION_COMMENTS = YES;
				CLANG_WARN_EMPTY_BODY = YES;
				CLANG_WARN_ENUM_CONVERSION = YES;
				CLANG_WARN_INFINITE_RECURSION = YES;
				CLANG_WARN_INT_CONVERSION = YES;
				CLANG_WARN_OBJC_ROOT_CLASS = YES_ERROR;
				CLANG_WARN_SUSPICIOUS_MOVE = YES;
				CLANG_WARN_UNREACHABLE_CODE = YES;
				CLANG_WARN__DUPLICATE_METHOD_MATCH = YES;
				"CODE_SIGN_IDENTITY[sdk=iphoneos*]" = "iPhone Developer";
				COPY_PHASE_STRIP = NO;
				DEBUG_INFORMATION_FORMAT = dwarf;
				ENABLE_STRICT_OBJC_MSGSEND = YES;
				ENABLE_TESTABILITY = YES;
				GCC_C_LANGUAGE_STANDARD = gnu99;
				GCC_DYNAMIC_NO_PIC = NO;
				GCC_NO_COMMON_BLOCKS = YES;
				GCC_OPTIMIZATION_LEVEL = 0;
				GCC_PREPROCESSOR_DEFINITIONS = (
					"DEBUG=1",
					"$(inherited)",
				);
				GCC_WARN_64_TO_32_BIT_CONVERSION = YES;
				GCC_WARN_ABOUT_RETURN_TYPE = YES_ERROR;
				GCC_WARN_UNDECLARED_SELECTOR = YES;
				GCC_WARN_UNINITIALIZED_AUTOS = YES_AGGRESSIVE;
				GCC_WARN_UNUSED_FUNCTION = YES;
				GCC_WARN_UNUSED_VARIABLE = YES;
				IPHONEOS_DEPLOYMENT_TARGET = 10.2;
				MTL_ENABLE_DEBUG_INFO = YES;
				ONLY_ACTIVE_ARCH = YES;
				SDKROOT = iphoneos;
				TARGETED_DEVICE_FAMILY = "1,2";
			};
			name = Debug;
		};
		4AC64E241E878A0C00C140D0 /* Release */ = {
			isa = XCBuildConfiguration;
			buildSettings = {
				ALWAYS_SEARCH_USER_PATHS = NO;
				CLANG_ANALYZER_NONNULL = YES;
				CLANG_CXX_LANGUAGE_STANDARD = "gnu++0x";
				CLANG_CXX_LIBRARY = "libc++";
				CLANG_ENABLE_MODULES = YES;
				CLANG_ENABLE_OBJC_ARC = YES;
				CLANG_WARN_BOOL_CONVERSION = YES;
				CLANG_WARN_CONSTANT_CONVERSION = YES;
				CLANG_WARN_DIRECT_OBJC_ISA_USAGE = YES_ERROR;
				CLANG_WARN_DOCUMENTATION_COMMENTS = YES;
				CLANG_WARN_EMPTY_BODY = YES;
				CLANG_WARN_ENUM_CONVERSION = YES;
				CLANG_WARN_INFINITE_RECURSION = YES;
				CLANG_WARN_INT_CONVERSION = YES;
				CLANG_WARN_OBJC_ROOT_CLASS = YES_ERROR;
				CLANG_WARN_SUSPICIOUS_MOVE = YES;
				CLANG_WARN_UNREACHABLE_CODE = YES;
				CLANG_WARN__DUPLICATE_METHOD_MATCH = YES;
				"CODE_SIGN_IDENTITY[sdk=iphoneos*]" = "iPhone Developer";
				COPY_PHASE_STRIP = NO;
				DEBUG_INFORMATION_FORMAT = "dwarf-with-dsym";
				ENABLE_NS_ASSERTIONS = NO;
				ENABLE_STRICT_OBJC_MSGSEND = YES;
				GCC_C_LANGUAGE_STANDARD = gnu99;
				GCC_NO_COMMON_BLOCKS = YES;
				GCC_WARN_64_TO_32_BIT_CONVERSION = YES;
				GCC_WARN_ABOUT_RETURN_TYPE = YES_ERROR;
				GCC_WARN_UNDECLARED_SELECTOR = YES;
				GCC_WARN_UNINITIALIZED_AUTOS = YES_AGGRESSIVE;
				GCC_WARN_UNUSED_FUNCTION = YES;
				GCC_WARN_UNUSED_VARIABLE = YES;
				IPHONEOS_DEPLOYMENT_TARGET = 10.2;
				MTL_ENABLE_DEBUG_INFO = NO;
				SDKROOT = iphoneos;
				TARGETED_DEVICE_FAMILY = "1,2";
				VALIDATE_PRODUCT = YES;
			};
			name = Release;
		};
		4AC64E261E878A0C00C140D0 /* Debug */ = {
			isa = XCBuildConfiguration;
			buildSettings = {
				ASSETCATALOG_COMPILER_APPICON_NAME = AppIcon;
				DEVELOPMENT_TEAM = "";
				INFOPLIST_FILE = SLBaseController/Info.plist;
				IPHONEOS_DEPLOYMENT_TARGET = 7.0;
				LD_RUNPATH_SEARCH_PATHS = "$(inherited) @executable_path/Frameworks";
				PRODUCT_BUNDLE_IDENTIFIER = Sylar.SLBaseController;
				PRODUCT_NAME = "$(TARGET_NAME)";
			};
			name = Debug;
		};
		4AC64E271E878A0C00C140D0 /* Release */ = {
			isa = XCBuildConfiguration;
			buildSettings = {
				ASSETCATALOG_COMPILER_APPICON_NAME = AppIcon;
				DEVELOPMENT_TEAM = "";
				INFOPLIST_FILE = SLBaseController/Info.plist;
				IPHONEOS_DEPLOYMENT_TARGET = 7.0;
				LD_RUNPATH_SEARCH_PATHS = "$(inherited) @executable_path/Frameworks";
				PRODUCT_BUNDLE_IDENTIFIER = Sylar.SLBaseController;
				PRODUCT_NAME = "$(TARGET_NAME)";
			};
			name = Release;
		};
/* End XCBuildConfiguration section */

/* Begin XCConfigurationList section */
		4AC64E091E878A0C00C140D0 /* Build configuration list for PBXProject "SLBaseController" */ = {
			isa = XCConfigurationList;
			buildConfigurations = (
				4AC64E231E878A0C00C140D0 /* Debug */,
				4AC64E241E878A0C00C140D0 /* Release */,
			);
			defaultConfigurationIsVisible = 0;
			defaultConfigurationName = Release;
		};
		4AC64E251E878A0C00C140D0 /* Build configuration list for PBXNativeTarget "SLBaseController" */ = {
			isa = XCConfigurationList;
			buildConfigurations = (
				4AC64E261E878A0C00C140D0 /* Debug */,
				4AC64E271E878A0C00C140D0 /* Release */,
			);
			defaultConfigurationIsVisible = 0;
			defaultConfigurationName = Release;
		};
/* End XCConfigurationList section */
	};
	rootObject = 4AC64E061E878A0C00C140D0 /* Project object */;
}
